
Microsoft Visual Studio Solution File, Format Version 12.00
# Visual Studio 2013
VisualStudioVersion = 12.0.40629.0
MinimumVisualStudioVersion = 10.0.40219.1
Project("{FAE04EC0-301F-11D3-BF4B-00C04F79EFBC}") = "Naos.FileStorageService.Web", "Naos.FileStorageService.Web\Naos.FileStorageService.Web.csproj", "{AC061BFB-21DB-41E6-8871-843938EE4D32}"
EndProject
Project("{FAE04EC0-301F-11D3-BF4B-00C04F79EFBC}") = "Naos.FileStorageService.Model", "Naos.FileStorageService.Model\Naos.FileStorageService.Model.csproj", "{50A457E2-451D-4D33-A01B-A577E93A5561}"
EndProject
Project("{FAE04EC0-301F-11D3-BF4B-00C04F79EFBC}") = "Naos.FileStorageService.Tests", "Naos.FileStorageService.Tests\Naos.FileStorageService.Tests.csproj", "{A9C3869B-0466-4360-8D79-6F2D1BEB6B4D}"
EndProject
Project("{FAE04EC0-301F-11D3-BF4B-00C04F79EFBC}") = "Naos.FileStorageService.Client", "Naos.FileStorageService.Client\Naos.FileStorageService.Client.csproj", "{B3BD8C90-7702-43EC-82B9-EB3C68997D49}"
EndProject
Project("{FAE04EC0-301F-11D3-BF4B-00C04F79EFBC}") = "Naos.FileStorageService.Repositories", "Naos.FileStorage.Repositories\Naos.FileStorageService.Repositories.csproj", "{4F0EDFFD-772E-4B81-A243-86F3AF914B42}"
EndProject
Global
	GlobalSection(SolutionConfigurationPlatforms) = preSolution
		Debug|Any CPU = Debug|Any CPU
		Release|Any CPU = Release|Any CPU
	EndGlobalSection
	GlobalSection(ProjectConfigurationPlatforms) = postSolution
		{AC061BFB-21DB-41E6-8871-843938EE4D32}.Debug|Any CPU.ActiveCfg = Debug|Any CPU
		{AC061BFB-21DB-41E6-8871-843938EE4D32}.Debug|Any CPU.Build.0 = Debug|Any CPU
		{AC061BFB-21DB-41E6-8871-843938EE4D32}.Release|Any CPU.ActiveCfg = Release|Any CPU
		{AC061BFB-21DB-41E6-8871-843938EE4D32}.Release|Any CPU.Build.0 = Release|Any CPU
		{50A457E2-451D-4D33-A01B-A577E93A5561}.Debug|Any CPU.ActiveCfg = Debug|Any CPU
		{50A457E2-451D-4D33-A01B-A577E93A5561}.Debug|Any CPU.Build.0 = Debug|Any CPU
		{50A457E2-451D-4D33-A01B-A577E93A5561}.Release|Any CPU.ActiveCfg = Release|Any CPU
		{50A457E2-451D-4D33-A01B-A577E93A5561}.Release|Any CPU.Build.0 = Release|Any CPU
		{A9C3869B-0466-4360-8D79-6F2D1BEB6B4D}.Debug|Any CPU.ActiveCfg = Debug|Any CPU
		{A9C3869B-0466-4360-8D79-6F2D1BEB6B4D}.Debug|Any CPU.Build.0 = Debug|Any CPU
		{A9C3869B-0466-4360-8D79-6F2D1BEB6B4D}.Release|Any CPU.ActiveCfg = Release|Any CPU
		{A9C3869B-0466-4360-8D79-6F2D1BEB6B4D}.Release|Any CPU.Build.0 = Release|Any CPU
		{B3BD8C90-7702-43EC-82B9-EB3C68997D49}.Debug|Any CPU.ActiveCfg = Debug|Any CPU
		{B3BD8C90-7702-43EC-82B9-EB3C68997D49}.Debug|Any CPU.Build.0 = Debug|Any CPU
		{B3BD8C90-7702-43EC-82B9-EB3C68997D49}.Release|Any CPU.ActiveCfg = Release|Any CPU
		{B3BD8C90-7702-43EC-82B9-EB3C68997D49}.Release|Any CPU.Build.0 = Release|Any CPU
		{4F0EDFFD-772E-4B81-A243-86F3AF914B42}.Debug|Any CPU.ActiveCfg = Debug|Any CPU
		{4F0EDFFD-772E-4B81-A243-86F3AF914B42}.Debug|Any CPU.Build.0 = Debug|Any CPU
		{4F0EDFFD-772E-4B81-A243-86F3AF914B42}.Release|Any CPU.ActiveCfg = Release|Any CPU
		{4F0EDFFD-772E-4B81-A243-86F3AF914B42}.Release|Any CPU.Build.0 = Release|Any CPU
	EndGlobalSection
	GlobalSection(SolutionProperties) = preSolution
		HideSolutionNode = FALSE
	EndGlobalSection
EndGlobal
